{
  "originHash" : "cec9a66c3f2abfdf5d01d09536f686d752f5d76792ec3df44b2267ea8f5edfce",
  "pins" : [
    {
      "identity" : "swift-cmark",
      "kind" : "remoteSourceControl",
      "location" : "https://github.com/swiftlang/swift-cmark.git",
      "state" : {
        "revision" : "924936d0427cb25a61169739a7660230bffa6ea6",
        "version" : "0.8.0"
      }
    },
    {
      "identity" : "swift-markdown",
      "kind" : "remoteSourceControl",
      "location" : "https://github.com/swiftlang/swift-markdown.git",
      "state" : {
        "revision" : "3c6f9523da3a1ec2fd829673e472d95b8097a3b8",
        "version" : "0.8.0"
      }
    },
    {
      "identity" : "yswift",
      "kind" : "remoteSourceControl",
      "location" : "https://github.com/y-crdt/yswift.git",
      "state" : {
        "revision" : "8c25f088fcccfc3c428c37ac9206a297d031f1c5",
        "version" : "0.2.1"
      }
    }
  ],
  "version" : 3
}
